
Microsoft Visual Studio Solution File, Format Version 12.00
# Visual Studio Version 17
VisualStudioVersion = 17.9.34728.123
MinimumVisualStudioVersion = 10.0.40219.1
Project("{FAE04EC0-301F-11D3-BF4B-00C04F79EFBC}") = "Haustierverwaltung_", "Haustierverwaltung_\Haustierverwaltung_.csproj", "{4FC43553-72B6-4217-94E4-9227A744FDB8}"
EndProject
Project("{FAE04EC0-301F-11D3-BF4B-00C04F79EFBC}") = "Haustier", "Haustier\Haustier.csproj", "{3DAE266C-2C6B-4A66-9D02-F83B04AE87C3}"
EndProject
Global
	GlobalSection(SolutionConfigurationPlatforms) = preSolution
		Debug|Any CPU = Debug|Any CPU
		Release|Any CPU = Release|Any CPU
	EndGlobalSection
	GlobalSection(ProjectConfigurationPlatforms) = postSolution
		{4FC43553-72B6-4217-94E4-9227A744FDB8}.Debug|Any CPU.ActiveCfg = Debug|Any CPU
		{4FC43553-72B6-4217-94E4-9227A744FDB8}.Debug|Any CPU.Build.0 = Debug|Any CPU
		{4FC43553-72B6-4217-94E4-9227A744FDB8}.Release|Any CPU.ActiveCfg = Release|Any CPU
		{4FC43553-72B6-4217-94E4-9227A744FDB8}.Release|Any CPU.Build.0 = Release|Any CPU
		{3DAE266C-2C6B-4A66-9D02-F83B04AE87C3}.Debug|Any CPU.ActiveCfg = Debug|Any CPU
		{3DAE266C-2C6B-4A66-9D02-F83B04AE87C3}.Debug|Any CPU.Build.0 = Debug|Any CPU
		{3DAE266C-2C6B-4A66-9D02-F83B04AE87C3}.Release|Any CPU.ActiveCfg = Release|Any CPU
		{3DAE266C-2C6B-4A66-9D02-F83B04AE87C3}.Release|Any CPU.Build.0 = Release|Any CPU
	EndGlobalSection
	GlobalSection(SolutionProperties) = preSolution
		HideSolutionNode = FALSE
	EndGlobalSection
	GlobalSection(ExtensibilityGlobals) = postSolution
		SolutionGuid = {EFEF4C18-6806-4A94-813C-922CDEE9C48A}
	EndGlobalSection
EndGlobal
